
Microsoft Visual Studio Solution File, Format Version 12.00
# Visual Studio Version 17
VisualStudioVersion = 17.0.32014.148
MinimumVisualStudioVersion = 10.0.40219.1
Project("{FAE04EC0-301F-11D3-BF4B-00C04F79EFBC}") = "Expenses.WebApi", "Expenses.WebApi\Expenses.WebApi.csproj", "{B96B9C2A-3DEF-4898-8522-DB701EE4B1B5}"
EndProject
Project("{FAE04EC0-301F-11D3-BF4B-00C04F79EFBC}") = "Expenses.DB", "Expenses.DB\Expenses.DB.csproj", "{A0D0B9CF-E1CD-4320-BD0D-FE54822922F6}"
EndProject
Project("{FAE04EC0-301F-11D3-BF4B-00C04F79EFBC}") = "Expenses.Core", "Expenses.Core\Expenses.Core.csproj", "{A572E5C3-CE83-4C00-838A-1B2429F81C86}"
EndProject
Global
	GlobalSection(SolutionConfigurationPlatforms) = preSolution
		Debug|Any CPU = Debug|Any CPU
		Release|Any CPU = Release|Any CPU
	EndGlobalSection
	GlobalSection(ProjectConfigurationPlatforms) = postSolution
		{B96B9C2A-3DEF-4898-8522-DB701EE4B1B5}.Debug|Any CPU.ActiveCfg = Debug|Any CPU
		{B96B9C2A-3DEF-4898-8522-DB701EE4B1B5}.Debug|Any CPU.Build.0 = Debug|Any CPU
		{B96B9C2A-3DEF-4898-8522-DB701EE4B1B5}.Release|Any CPU.ActiveCfg = Release|Any CPU
		{B96B9C2A-3DEF-4898-8522-DB701EE4B1B5}.Release|Any CPU.Build.0 = Release|Any CPU
		{A0D0B9CF-E1CD-4320-BD0D-FE54822922F6}.Debug|Any CPU.ActiveCfg = Debug|Any CPU
		{A0D0B9CF-E1CD-4320-BD0D-FE54822922F6}.Debug|Any CPU.Build.0 = Debug|Any CPU
		{A0D0B9CF-E1CD-4320-BD0D-FE54822922F6}.Release|Any CPU.ActiveCfg = Release|Any CPU
		{A0D0B9CF-E1CD-4320-BD0D-FE54822922F6}.Release|Any CPU.Build.0 = Release|Any CPU
		{A572E5C3-CE83-4C00-838A-1B2429F81C86}.Debug|Any CPU.ActiveCfg = Debug|Any CPU
		{A572E5C3-CE83-4C00-838A-1B2429F81C86}.Debug|Any CPU.Build.0 = Debug|Any CPU
		{A572E5C3-CE83-4C00-838A-1B2429F81C86}.Release|Any CPU.ActiveCfg = Release|Any CPU
		{A572E5C3-CE83-4C00-838A-1B2429F81C86}.Release|Any CPU.Build.0 = Release|Any CPU
	EndGlobalSection
	GlobalSection(SolutionProperties) = preSolution
		HideSolutionNode = FALSE
	EndGlobalSection
	GlobalSection(ExtensibilityGlobals) = postSolution
		SolutionGuid = {614CF3AD-CE80-45DB-BFB7-991A041445C1}
	EndGlobalSection
EndGlobal
